
Microsoft Visual Studio Solution File, Format Version 12.00
# Visual Studio Version 17
VisualStudioVersion = 17.9.34728.123
MinimumVisualStudioVersion = 10.0.40219.1
Project("{9A19103F-16F7-4668-BE54-9A1E7A4F7556}") = "MyApi", "MyApi.csproj", "{3B8D5E07-4C53-47EB-91FB-8AD586BD1282}"
EndProject
Project("{9A19103F-16F7-4668-BE54-9A1E7A4F7556}") = "Common", "..\Common\Common.csproj", "{C15B6DC0-2D83-4508-8E3B-5DD141A72DA1}"
EndProject
Project("{9A19103F-16F7-4668-BE54-9A1E7A4F7556}") = "Entities", "..\Entities\Entities.csproj", "{E5FC1EB3-5A91-4AC3-B8DD-1E3D05C5F5BE}"
EndProject
Project("{9A19103F-16F7-4668-BE54-9A1E7A4F7556}") = "Data", "..\Data\Data.csproj", "{CDB58567-1E98-4040-ACF9-258C2D8BF9C2}"
EndProject
Project("{9A19103F-16F7-4668-BE54-9A1E7A4F7556}") = "Services", "..\Services\Services.csproj", "{C5371279-573A-4665-A7BA-CA24F3F983DB}"
EndProject
Project("{9A19103F-16F7-4668-BE54-9A1E7A4F7556}") = "WebFramework", "..\WebFramework\WebFramework.csproj", "{F05B6F64-2F52-4FB6-98DA-A28E37E79622}"
EndProject
Project("{2150E333-8FDC-42A3-9474-1A3956D46DE8}") = "Solution Items", "Solution Items", "{C44A4109-FD86-43B8-A922-6CE9B2BB4659}"
	ProjectSection(SolutionItems) = preProject
		..\.gitignore = ..\.gitignore
	EndProjectSection
EndProject
Global
	GlobalSection(SolutionConfigurationPlatforms) = preSolution
		Debug|Any CPU = Debug|Any CPU
		Release|Any CPU = Release|Any CPU
	EndGlobalSection
	GlobalSection(ProjectConfigurationPlatforms) = postSolution
		{3B8D5E07-4C53-47EB-91FB-8AD586BD1282}.Debug|Any CPU.ActiveCfg = Debug|Any CPU
		{3B8D5E07-4C53-47EB-91FB-8AD586BD1282}.Debug|Any CPU.Build.0 = Debug|Any CPU
		{3B8D5E07-4C53-47EB-91FB-8AD586BD1282}.Release|Any CPU.ActiveCfg = Release|Any CPU
		{3B8D5E07-4C53-47EB-91FB-8AD586BD1282}.Release|Any CPU.Build.0 = Release|Any CPU
		{C15B6DC0-2D83-4508-8E3B-5DD141A72DA1}.Debug|Any CPU.ActiveCfg = Debug|Any CPU
		{C15B6DC0-2D83-4508-8E3B-5DD141A72DA1}.Debug|Any CPU.Build.0 = Debug|Any CPU
		{C15B6DC0-2D83-4508-8E3B-5DD141A72DA1}.Release|Any CPU.ActiveCfg = Release|Any CPU
		{C15B6DC0-2D83-4508-8E3B-5DD141A72DA1}.Release|Any CPU.Build.0 = Release|Any CPU
		{E5FC1EB3-5A91-4AC3-B8DD-1E3D05C5F5BE}.Debug|Any CPU.ActiveCfg = Debug|Any CPU
		{E5FC1EB3-5A91-4AC3-B8DD-1E3D05C5F5BE}.Debug|Any CPU.Build.0 = Debug|Any CPU
		{E5FC1EB3-5A91-4AC3-B8DD-1E3D05C5F5BE}.Release|Any CPU.ActiveCfg = Release|Any CPU
		{E5FC1EB3-5A91-4AC3-B8DD-1E3D05C5F5BE}.Release|Any CPU.Build.0 = Release|Any CPU
		{CDB58567-1E98-4040-ACF9-258C2D8BF9C2}.Debug|Any CPU.ActiveCfg = Debug|Any CPU
		{CDB58567-1E98-4040-ACF9-258C2D8BF9C2}.Debug|Any CPU.Build.0 = Debug|Any CPU
		{CDB58567-1E98-4040-ACF9-258C2D8BF9C2}.Release|Any CPU.ActiveCfg = Release|Any CPU
		{CDB58567-1E98-4040-ACF9-258C2D8BF9C2}.Release|Any CPU.Build.0 = Release|Any CPU
		{C5371279-573A-4665-A7BA-CA24F3F983DB}.Debug|Any CPU.ActiveCfg = Debug|Any CPU
		{C5371279-573A-4665-A7BA-CA24F3F983DB}.Debug|Any CPU.Build.0 = Debug|Any CPU
		{C5371279-573A-4665-A7BA-CA24F3F983DB}.Release|Any CPU.ActiveCfg = Release|Any CPU
		{C5371279-573A-4665-A7BA-CA24F3F983DB}.Release|Any CPU.Build.0 = Release|Any CPU
		{F05B6F64-2F52-4FB6-98DA-A28E37E79622}.Debug|Any CPU.ActiveCfg = Debug|Any CPU
		{F05B6F64-2F52-4FB6-98DA-A28E37E79622}.Debug|Any CPU.Build.0 = Debug|Any CPU
		{F05B6F64-2F52-4FB6-98DA-A28E37E79622}.Release|Any CPU.ActiveCfg = Release|Any CPU
		{F05B6F64-2F52-4FB6-98DA-A28E37E79622}.Release|Any CPU.Build.0 = Release|Any CPU
	EndGlobalSection
	GlobalSection(SolutionProperties) = preSolution
		HideSolutionNode = FALSE
	EndGlobalSection
	GlobalSection(ExtensibilityGlobals) = postSolution
		SolutionGuid = {4DEEEAB7-04F7-4003-BEEE-5236CFA6BF80}
	EndGlobalSection
EndGlobal
